
Microsoft Visual Studio Solution File, Format Version 12.00
# Visual Studio Version 17
VisualStudioVersion = 17.10.35013.160
MinimumVisualStudioVersion = 10.0.40219.1
Project("{FAE04EC0-301F-11D3-BF4B-00C04F79EFBC}") = "project", "project\project.csproj", "{62903A17-0FA8-4311-9FB2-5943FC7070B7}"
EndProject
Global
	GlobalSection(SolutionConfigurationPlatforms) = preSolution
		Debug|Any CPU = Debug|Any CPU
		Release|Any CPU = Release|Any CPU
	EndGlobalSection
	GlobalSection(ProjectConfigurationPlatforms) = postSolution
		{62903A17-0FA8-4311-9FB2-5943FC7070B7}.Debug|Any CPU.ActiveCfg = Debug|Any CPU
		{62903A17-0FA8-4311-9FB2-5943FC7070B7}.Debug|Any CPU.Build.0 = Debug|Any CPU
		{62903A17-0FA8-4311-9FB2-5943FC7070B7}.Release|Any CPU.ActiveCfg = Release|Any CPU
		{62903A17-0FA8-4311-9FB2-5943FC7070B7}.Release|Any CPU.Build.0 = Release|Any CPU
	EndGlobalSection
	GlobalSection(SolutionProperties) = preSolution
		HideSolutionNode = FALSE
	EndGlobalSection
	GlobalSection(ExtensibilityGlobals) = postSolution
		SolutionGuid = {2B91E98B-A0DB-40B2-81E3-0F125B4B75A6}
	EndGlobalSection
EndGlobal
